
Microsoft Visual Studio Solution File, Format Version 12.00
# Visual Studio Version 16
VisualStudioVersion = 16.0.30804.86
MinimumVisualStudioVersion = 10.0.40219.1
Project("{FAE04EC0-301F-11D3-BF4B-00C04F79EFBC}") = "G04_LabelMove", "G04_LabelMove.csproj", "{140AE8E1-D731-44FB-B4B5-A7C715D348AA}"
EndProject
Global
	GlobalSection(SolutionConfigurationPlatforms) = preSolution
		Debug|Any CPU = Debug|Any CPU
		Release|Any CPU = Release|Any CPU
	EndGlobalSection
	GlobalSection(ProjectConfigurationPlatforms) = postSolution
		{140AE8E1-D731-44FB-B4B5-A7C715D348AA}.Debug|Any CPU.ActiveCfg = Debug|Any CPU
		{140AE8E1-D731-44FB-B4B5-A7C715D348AA}.Debug|Any CPU.Build.0 = Debug|Any CPU
		{140AE8E1-D731-44FB-B4B5-A7C715D348AA}.Release|Any CPU.ActiveCfg = Release|Any CPU
		{140AE8E1-D731-44FB-B4B5-A7C715D348AA}.Release|Any CPU.Build.0 = Release|Any CPU
	EndGlobalSection
	GlobalSection(SolutionProperties) = preSolution
		HideSolutionNode = FALSE
	EndGlobalSection
	GlobalSection(ExtensibilityGlobals) = postSolution
		SolutionGuid = {83DC73DC-1E7C-41F8-B3EB-031D0D1AC942}
	EndGlobalSection
EndGlobal
